
Microsoft Visual Studio Solution File, Format Version 12.00
# Visual Studio Version 17
VisualStudioVersion = 17.4.33403.182
MinimumVisualStudioVersion = 10.0.40219.1
Project("{FAE04EC0-301F-11D3-BF4B-00C04F79EFBC}") = "WebApplication1", "WebApplication1\WebApplication1.csproj", "{EF04B280-3F07-47E2-B16C-1D295FB97387}"
EndProject
Project("{00D1A9C2-B5F0-4AF3-8072-F6C62B433612}") = "PPData", "PPData\PPData.sqlproj", "{08872795-DC12-4622-AC51-FBDC8107ED64}"
EndProject
Project("{FAE04EC0-301F-11D3-BF4B-00C04F79EFBC}") = "PracticeProjectWPFUI", "PracticeProjectWPFUI\PracticeProjectWPFUI.csproj", "{744F0C47-047A-4403-ACB4-B9368AA4E2A8}"
EndProject
Project("{FAE04EC0-301F-11D3-BF4B-00C04F79EFBC}") = "PPDataManager.Library", "PPDataManager.Library\PPDataManager.Library.csproj", "{369798B6-65E3-40C4-956F-C1E7F3E0456D}"
EndProject
Project("{FAE04EC0-301F-11D3-BF4B-00C04F79EFBC}") = "PracticeProjectDesktopUI.Library", "PracticeProjectDesktopUI.Library\PracticeProjectDesktopUI.Library.csproj", "{5F6FEF74-8E84-4FEB-8448-A876DCDB428B}"
EndProject
Global
	GlobalSection(SolutionConfigurationPlatforms) = preSolution
		Debug|Any CPU = Debug|Any CPU
		Release|Any CPU = Release|Any CPU
	EndGlobalSection
	GlobalSection(ProjectConfigurationPlatforms) = postSolution
		{EF04B280-3F07-47E2-B16C-1D295FB97387}.Debug|Any CPU.ActiveCfg = Debug|Any CPU
		{EF04B280-3F07-47E2-B16C-1D295FB97387}.Debug|Any CPU.Build.0 = Debug|Any CPU
		{EF04B280-3F07-47E2-B16C-1D295FB97387}.Release|Any CPU.ActiveCfg = Release|Any CPU
		{EF04B280-3F07-47E2-B16C-1D295FB97387}.Release|Any CPU.Build.0 = Release|Any CPU
		{08872795-DC12-4622-AC51-FBDC8107ED64}.Debug|Any CPU.ActiveCfg = Debug|Any CPU
		{08872795-DC12-4622-AC51-FBDC8107ED64}.Debug|Any CPU.Build.0 = Debug|Any CPU
		{08872795-DC12-4622-AC51-FBDC8107ED64}.Debug|Any CPU.Deploy.0 = Debug|Any CPU
		{08872795-DC12-4622-AC51-FBDC8107ED64}.Release|Any CPU.ActiveCfg = Release|Any CPU
		{08872795-DC12-4622-AC51-FBDC8107ED64}.Release|Any CPU.Build.0 = Release|Any CPU
		{08872795-DC12-4622-AC51-FBDC8107ED64}.Release|Any CPU.Deploy.0 = Release|Any CPU
		{744F0C47-047A-4403-ACB4-B9368AA4E2A8}.Debug|Any CPU.ActiveCfg = Debug|Any CPU
		{744F0C47-047A-4403-ACB4-B9368AA4E2A8}.Debug|Any CPU.Build.0 = Debug|Any CPU
		{744F0C47-047A-4403-ACB4-B9368AA4E2A8}.Release|Any CPU.ActiveCfg = Release|Any CPU
		{744F0C47-047A-4403-ACB4-B9368AA4E2A8}.Release|Any CPU.Build.0 = Release|Any CPU
		{369798B6-65E3-40C4-956F-C1E7F3E0456D}.Debug|Any CPU.ActiveCfg = Debug|Any CPU
		{369798B6-65E3-40C4-956F-C1E7F3E0456D}.Debug|Any CPU.Build.0 = Debug|Any CPU
		{369798B6-65E3-40C4-956F-C1E7F3E0456D}.Release|Any CPU.ActiveCfg = Release|Any CPU
		{369798B6-65E3-40C4-956F-C1E7F3E0456D}.Release|Any CPU.Build.0 = Release|Any CPU
		{5F6FEF74-8E84-4FEB-8448-A876DCDB428B}.Debug|Any CPU.ActiveCfg = Debug|Any CPU
		{5F6FEF74-8E84-4FEB-8448-A876DCDB428B}.Debug|Any CPU.Build.0 = Debug|Any CPU
		{5F6FEF74-8E84-4FEB-8448-A876DCDB428B}.Release|Any CPU.ActiveCfg = Release|Any CPU
		{5F6FEF74-8E84-4FEB-8448-A876DCDB428B}.Release|Any CPU.Build.0 = Release|Any CPU
	EndGlobalSection
	GlobalSection(SolutionProperties) = preSolution
		HideSolutionNode = FALSE
	EndGlobalSection
	GlobalSection(ExtensibilityGlobals) = postSolution
		SolutionGuid = {0998F4EC-1686-4195-A7C6-123C19E0D718}
	EndGlobalSection
EndGlobal
